{
  "version": 4,
  "terraform_version": "1.12.2",
  "serial": 14,
  "lineage": "7f6a2689-0360-64fb-81c8-4a73efe3df7c",
  "outputs": {
    "admin_user_id": {
      "value": "40329d19-824a-4333-b06c-cb0c8bcfea3a",
      "type": "string"
    },
    "events_service_client_id": {
      "value": "events-service",
      "type": "string"
    },
    "login_testing_client_id": {
      "value": "login-testing",
      "type": "string"
    },
    "realm_id": {
      "value": "event-ticketing",
      "type": "string"
    },
    "realm_name": {
      "value": "event-ticketing",
      "type": "string"
    },
    "regular_user_id": {
      "value": "ed9ebc77-13db-4f3b-998a-de1b9bd418d9",
      "type": "string"
    },
    "system_admin_role_id": {
      "value": "31a5c7da-3baa-4198-a3a8-4338bd122a85",
      "type": "string"
    },
    "user_role_id": {
      "value": "1bc0cb57-5dfe-451d-a74b-d098b02f2fe4",
      "type": "string"
    }
  },
  "resources": [
    {
      "mode": "managed",
      "type": "keycloak_default_roles",
      "name": "default_roles",
      "provider": "provider[\"registry.terraform.io/keycloak/keycloak\"]",
      "instances": [
        {
          "schema_version": 0,
          "attributes": {
            "default_roles": [
              "role-user"
            ],
            "id": "a3d89822-6f29-4e1b-9387-d48d38d3d7ab",
            "realm_id": "event-ticketing"
          },
          "sensitive_attributes": [],
          "identity_schema_version": 0,
          "private": "bnVsbA==",
          "dependencies": [
            "keycloak_realm.event_ticketing"
          ]
        }
      ]
    },
    {
      "mode": "managed",
      "type": "keycloak_openid_client",
      "name": "events_service",
      "provider": "provider[\"registry.terraform.io/keycloak/keycloak\"]",
      "instances": [
        {
          "schema_version": 0,
          "attributes": {
            "access_token_lifespan": "",
            "access_type": "BEARER-ONLY",
            "admin_url": "",
            "allow_refresh_token_in_standard_token_exchange": "",
            "always_display_in_console": false,
            "authentication_flow_binding_overrides": [],
            "authorization": [],
            "backchannel_logout_revoke_offline_sessions": false,
            "backchannel_logout_session_required": true,
            "backchannel_logout_url": "",
            "base_url": "",
            "client_authenticator_type": "client-secret",
            "client_id": "events-service",
            "client_offline_session_idle_timeout": "",
            "client_offline_session_max_lifespan": "",
            "client_secret": "",
            "client_secret_regenerate_when_changed": null,
            "client_secret_wo": null,
            "client_secret_wo_version": null,
            "client_session_idle_timeout": "",
            "client_session_max_lifespan": "",
            "consent_required": false,
            "consent_screen_text": "",
            "description": "",
            "direct_access_grants_enabled": false,
            "display_on_consent_screen": false,
            "enabled": true,
            "exclude_issuer_from_auth_response": null,
            "exclude_session_state_from_auth_response": null,
            "extra_config": {},
            "frontchannel_logout_enabled": false,
            "frontchannel_logout_url": "",
            "full_scope_allowed": true,
            "id": "d25354bf-9fff-46c4-8389-fa174933d49b",
            "implicit_flow_enabled": false,
            "import": false,
            "login_theme": "",
            "name": "Events Microservice",
            "oauth2_device_authorization_grant_enabled": false,
            "oauth2_device_code_lifespan": "",
            "oauth2_device_polling_interval": "",
            "pkce_code_challenge_method": null,
            "realm_id": "event-ticketing",
            "resource_server_id": null,
            "root_url": "",
            "service_account_user_id": "",
            "service_accounts_enabled": false,
            "standard_flow_enabled": false,
            "standard_token_exchange_enabled": false,
            "use_refresh_tokens": true,
            "use_refresh_tokens_client_credentials": false,
            "valid_post_logout_redirect_uris": [],
            "valid_redirect_uris": [],
            "web_origins": []
          },
          "sensitive_attributes": [
            [
              {
                "type": "get_attr",
                "value": "client_secret"
              }
            ],
            [
              {
                "type": "get_attr",
                "value": "client_secret_wo"
              }
            ]
          ],
          "identity_schema_version": 0,
          "private": "bnVsbA==",
          "dependencies": [
            "keycloak_realm.event_ticketing"
          ]
        }
      ]
    },
    {
      "mode": "managed",
      "type": "keycloak_openid_client",
      "name": "login_testing",
      "provider": "provider[\"registry.terraform.io/keycloak/keycloak\"]",
      "instances": [
        {
          "schema_version": 0,
          "attributes": {
            "access_token_lifespan": "",
            "access_type": "PUBLIC",
            "admin_url": "",
            "allow_refresh_token_in_standard_token_exchange": "",
            "always_display_in_console": false,
            "authentication_flow_binding_overrides": [],
            "authorization": [],
            "backchannel_logout_revoke_offline_sessions": false,
            "backchannel_logout_session_required": true,
            "backchannel_logout_url": "",
            "base_url": "",
            "client_authenticator_type": "client-secret",
            "client_id": "login-testing",
            "client_offline_session_idle_timeout": "",
            "client_offline_session_max_lifespan": "",
            "client_secret": "",
            "client_secret_regenerate_when_changed": null,
            "client_secret_wo": null,
            "client_secret_wo_version": null,
            "client_session_idle_timeout": "",
            "client_session_max_lifespan": "",
            "consent_required": false,
            "consent_screen_text": "",
            "description": "",
            "direct_access_grants_enabled": true,
            "display_on_consent_screen": false,
            "enabled": true,
            "exclude_issuer_from_auth_response": null,
            "exclude_session_state_from_auth_response": null,
            "extra_config": null,
            "frontchannel_logout_enabled": false,
            "frontchannel_logout_url": "",
            "full_scope_allowed": true,
            "id": "f0494943-f01c-4ebf-a60a-5b458eba376c",
            "implicit_flow_enabled": false,
            "import": false,
            "login_theme": "",
            "name": "Login Testing Client",
            "oauth2_device_authorization_grant_enabled": false,
            "oauth2_device_code_lifespan": "",
            "oauth2_device_polling_interval": "",
            "pkce_code_challenge_method": null,
            "realm_id": "event-ticketing",
            "resource_server_id": null,
            "root_url": "",
            "service_account_user_id": "",
            "service_accounts_enabled": false,
            "standard_flow_enabled": true,
            "standard_token_exchange_enabled": false,
            "use_refresh_tokens": true,
            "use_refresh_tokens_client_credentials": false,
            "valid_post_logout_redirect_uris": [],
            "valid_redirect_uris": [
              "http://localhost:3000/*",
              "http://localhost:8080/*",
              "https://localhost:3000/*",
              "https://localhost:8080/*"
            ],
            "web_origins": []
          },
          "sensitive_attributes": [
            [
              {
                "type": "get_attr",
                "value": "client_secret"
              }
            ],
            [
              {
                "type": "get_attr",
                "value": "client_secret_wo"
              }
            ]
          ],
          "identity_schema_version": 0,
          "private": "bnVsbA==",
          "dependencies": [
            "keycloak_realm.event_ticketing"
          ]
        }
      ]
    },
    {
      "mode": "managed",
      "type": "keycloak_realm",
      "name": "event_ticketing",
      "provider": "provider[\"registry.terraform.io/keycloak/keycloak\"]",
      "instances": [
        {
          "schema_version": 0,
          "attributes": {
            "access_code_lifespan": "1m0s",
            "access_code_lifespan_login": "30m0s",
            "access_code_lifespan_user_action": "5m0s",
            "access_token_lifespan": "5m0s",
            "access_token_lifespan_for_implicit_flow": "15m0s",
            "account_theme": "",
            "action_token_generated_by_admin_lifespan": "12h0m0s",
            "action_token_generated_by_user_lifespan": "5m0s",
            "admin_theme": "",
            "attributes": {},
            "browser_flow": "browser",
            "client_authentication_flow": "clients",
            "client_session_idle_timeout": "0s",
            "client_session_max_lifespan": "0s",
            "default_default_client_scopes": [],
            "default_optional_client_scopes": [],
            "default_signature_algorithm": "",
            "direct_grant_flow": "direct grant",
            "display_name": "Event Ticketing Platform",
            "display_name_html": "",
            "docker_authentication_flow": "docker auth",
            "duplicate_emails_allowed": false,
            "edit_username_allowed": false,
            "email_theme": "",
            "enabled": true,
            "first_broker_login_flow": "first broker login",
            "id": "event-ticketing",
            "internal_id": "event-ticketing",
            "internationalization": [],
            "login_theme": "",
            "login_with_email_allowed": true,
            "oauth2_device_code_lifespan": "10m0s",
            "oauth2_device_polling_interval": 5,
            "offline_session_idle_timeout": "720h0m0s",
            "offline_session_max_lifespan": "1440h0m0s",
            "offline_session_max_lifespan_enabled": false,
            "organizations_enabled": false,
            "otp_policy": [
              {
                "algorithm": "HmacSHA1",
                "digits": 6,
                "initial_counter": 0,
                "look_ahead_window": 1,
                "period": 30,
                "type": "totp"
              }
            ],
            "password_policy": "",
            "realm": "event-ticketing",
            "refresh_token_max_reuse": 0,
            "registration_allowed": true,
            "registration_email_as_username": true,
            "registration_flow": "registration",
            "remember_me": true,
            "reset_credentials_flow": "reset credentials",
            "reset_password_allowed": true,
            "revoke_refresh_token": false,
            "security_defenses": [
              {
                "brute_force_detection": [
                  {
                    "failure_reset_time_seconds": 43200,
                    "max_failure_wait_seconds": 900,
                    "max_login_failures": 30,
                    "minimum_quick_login_wait_seconds": 60,
                    "permanent_lockout": false,
                    "quick_login_check_milli_seconds": 1000,
                    "wait_increment_seconds": 60
                  }
                ],
                "headers": [
                  {
                    "content_security_policy": "frame-src 'self'; frame-ancestors 'self'; object-src 'none';",
                    "content_security_policy_report_only": "",
                    "referrer_policy": "no-referrer",
                    "strict_transport_security": "max-age=31536000; includeSubDomains",
                    "x_content_type_options": "nosniff",
                    "x_frame_options": "DENY",
                    "x_robots_tag": "none",
                    "x_xss_protection": "1; mode=block"
                  }
                ]
              }
            ],
            "smtp_server": [],
            "ssl_required": "external",
            "sso_session_idle_timeout": "30m0s",
            "sso_session_idle_timeout_remember_me": "0s",
            "sso_session_max_lifespan": "10h0m0s",
            "sso_session_max_lifespan_remember_me": "0s",
            "user_managed_access": false,
            "verify_email": true,
            "web_authn_passwordless_policy": [
              {
                "acceptable_aaguids": [],
                "attestation_conveyance_preference": "not specified",
                "authenticator_attachment": "not specified",
                "avoid_same_authenticator_register": false,
                "create_timeout": 0,
                "extra_origins": [],
                "relying_party_entity_name": "keycloak",
                "relying_party_id": "",
                "require_resident_key": "not specified",
                "signature_algorithms": [
                  "ES256",
                  "RS256"
                ],
                "user_verification_requirement": "not specified"
              }
            ],
            "web_authn_policy": [
              {
                "acceptable_aaguids": [],
                "attestation_conveyance_preference": "not specified",
                "authenticator_attachment": "not specified",
                "avoid_same_authenticator_register": false,
                "create_timeout": 0,
                "extra_origins": [],
                "relying_party_entity_name": "keycloak",
                "relying_party_id": "",
                "require_resident_key": "not specified",
                "signature_algorithms": [
                  "ES256",
                  "RS256"
                ],
                "user_verification_requirement": "not specified"
              }
            ]
          },
          "sensitive_attributes": [],
          "identity_schema_version": 0,
          "private": "bnVsbA=="
        }
      ]
    },
    {
      "mode": "managed",
      "type": "keycloak_role",
      "name": "system_admin",
      "provider": "provider[\"registry.terraform.io/keycloak/keycloak\"]",
      "instances": [
        {
          "schema_version": 0,
          "attributes": {
            "attributes": {},
            "client_id": "",
            "composite_roles": [],
            "description": "Platform administrators who can approve events and manage system",
            "id": "31a5c7da-3baa-4198-a3a8-4338bd122a85",
            "import": false,
            "name": "role-system-admin",
            "realm_id": "event-ticketing"
          },
          "sensitive_attributes": [],
          "identity_schema_version": 0,
          "private": "bnVsbA==",
          "dependencies": [
            "keycloak_realm.event_ticketing"
          ]
        }
      ]
    },
    {
      "mode": "managed",
      "type": "keycloak_role",
      "name": "user",
      "provider": "provider[\"registry.terraform.io/keycloak/keycloak\"]",
      "instances": [
        {
          "schema_version": 0,
          "attributes": {
            "attributes": {},
            "client_id": "",
            "composite_roles": [],
            "description": "General users who can create and manage events",
            "id": "1bc0cb57-5dfe-451d-a74b-d098b02f2fe4",
            "import": false,
            "name": "role-user",
            "realm_id": "event-ticketing"
          },
          "sensitive_attributes": [],
          "identity_schema_version": 0,
          "private": "bnVsbA==",
          "dependencies": [
            "keycloak_realm.event_ticketing"
          ]
        }
      ]
    },
    {
      "mode": "managed",
      "type": "keycloak_user",
      "name": "admin",
      "provider": "provider[\"registry.terraform.io/keycloak/keycloak\"]",
      "instances": [
        {
          "schema_version": 0,
          "attributes": {
            "attributes": {},
            "email": "admin@yopmail.com",
            "email_verified": true,
            "enabled": true,
            "federated_identity": [],
            "first_name": "System",
            "id": "40329d19-824a-4333-b06c-cb0c8bcfea3a",
            "import": false,
            "initial_password": [
              {
                "temporary": false,
                "value": "admin123"
              }
            ],
            "last_name": "Admin",
            "realm_id": "event-ticketing",
            "required_actions": [],
            "username": "admin@yopmail.com"
          },
          "sensitive_attributes": [
            [
              {
                "type": "get_attr",
                "value": "initial_password"
              },
              {
                "type": "index",
                "value": {
                  "value": 0,
                  "type": "number"
                }
              },
              {
                "type": "get_attr",
                "value": "value"
              }
            ]
          ],
          "identity_schema_version": 0,
          "private": "bnVsbA==",
          "dependencies": [
            "keycloak_realm.event_ticketing"
          ]
        }
      ]
    },
    {
      "mode": "managed",
      "type": "keycloak_user",
      "name": "user",
      "provider": "provider[\"registry.terraform.io/keycloak/keycloak\"]",
      "instances": [
        {
          "schema_version": 0,
          "attributes": {
            "attributes": {},
            "email": "user@yopmail.com",
            "email_verified": true,
            "enabled": true,
            "federated_identity": [],
            "first_name": "Event",
            "id": "ed9ebc77-13db-4f3b-998a-de1b9bd418d9",
            "import": false,
            "initial_password": [
              {
                "temporary": false,
                "value": "user123"
              }
            ],
            "last_name": "User",
            "realm_id": "event-ticketing",
            "required_actions": [],
            "username": "user@yopmail.com"
          },
          "sensitive_attributes": [
            [
              {
                "type": "get_attr",
                "value": "initial_password"
              },
              {
                "type": "index",
                "value": {
                  "value": 0,
                  "type": "number"
                }
              },
              {
                "type": "get_attr",
                "value": "value"
              }
            ]
          ],
          "identity_schema_version": 0,
          "private": "bnVsbA==",
          "dependencies": [
            "keycloak_realm.event_ticketing"
          ]
        }
      ]
    },
    {
      "mode": "managed",
      "type": "keycloak_user_roles",
      "name": "admin_roles",
      "provider": "provider[\"registry.terraform.io/keycloak/keycloak\"]",
      "instances": [
        {
          "schema_version": 0,
          "attributes": {
            "exhaustive": true,
            "id": "event-ticketing/40329d19-824a-4333-b06c-cb0c8bcfea3a",
            "realm_id": "event-ticketing",
            "role_ids": [
              "31a5c7da-3baa-4198-a3a8-4338bd122a85"
            ],
            "user_id": "40329d19-824a-4333-b06c-cb0c8bcfea3a"
          },
          "sensitive_attributes": [],
          "identity_schema_version": 0,
          "private": "bnVsbA==",
          "dependencies": [
            "keycloak_realm.event_ticketing",
            "keycloak_role.system_admin",
            "keycloak_user.admin"
          ]
        }
      ]
    },
    {
      "mode": "managed",
      "type": "keycloak_user_roles",
      "name": "user_roles",
      "provider": "provider[\"registry.terraform.io/keycloak/keycloak\"]",
      "instances": [
        {
          "schema_version": 0,
          "attributes": {
            "exhaustive": true,
            "id": "event-ticketing/ed9ebc77-13db-4f3b-998a-de1b9bd418d9",
            "realm_id": "event-ticketing",
            "role_ids": [
              "1bc0cb57-5dfe-451d-a74b-d098b02f2fe4"
            ],
            "user_id": "ed9ebc77-13db-4f3b-998a-de1b9bd418d9"
          },
          "sensitive_attributes": [],
          "identity_schema_version": 0,
          "private": "bnVsbA==",
          "dependencies": [
            "keycloak_realm.event_ticketing",
            "keycloak_role.user",
            "keycloak_user.user"
          ]
        }
      ]
    }
  ],
  "check_results": null
}
